// !$*UTF8*$!
{
	archiveVersion = 1;
	classes = {
	};
	objectVersion = 56;
	objects = {

/* Begin PBXBuildFile section */
		07E407342B8CBEF5002DD5A9 /* PomodoroFocusApp.swift in Sources */ = {isa = PBXBuildFile; fileRef = 07E407332B8CBEF5002DD5A9 /* PomodoroFocusApp.swift */; };
		07E407362B8CBEF5002DD5A9 /* ContentView.swift in Sources */ = {isa = PBXBuildFile; fileRef = 07E407352B8CBEF5002DD5A9 /* ContentView.swift */; };
		07E407382B8CBEF7002DD5A9 /* Assets.xcassets in Resources */ = {isa = PBXBuildFile; fileRef = 07E407372B8CBEF7002DD5A9 /* Assets.xcassets */; };
		07E4073B2B8CBEF7002DD5A9 /* Preview Assets.xcassets in Resources */ = {isa = PBXBuildFile; fileRef = 07E4073A2B8CBEF7002DD5A9 /* Preview Assets.xcassets */; };
		07E407442B8CBF38002DD5A9 /* WorkTimerView.swift in Sources */ = {isa = PBXBuildFile; fileRef = 07E407432B8CBF38002DD5A9 /* WorkTimerView.swift */; };
		07E407462B8CBFC3002DD5A9 /* ViewModel.swift in Sources */ = {isa = PBXBuildFile; fileRef = 07E407452B8CBFC3002DD5A9 /* ViewModel.swift */; };
		07E407862B90B0E0002DD5A9 /* ShortTimerView.swift in Sources */ = {isa = PBXBuildFile; fileRef = 07E407852B90B0E0002DD5A9 /* ShortTimerView.swift */; };
		07E407882B90B26C002DD5A9 /* LongBreakView.swift in Sources */ = {isa = PBXBuildFile; fileRef = 07E407872B90B26C002DD5A9 /* LongBreakView.swift */; };
/* End PBXBuildFile section */

/* Begin PBXFileReference section */
		07E407302B8CBEF5002DD5A9 /* PomodoroFocus.app */ = {isa = PBXFileReference; explicitFileType = wrapper.application; includeInIndex = 0; path = PomodoroFocus.app; sourceTree = BUILT_PRODUCTS_DIR; };
		07E407332B8CBEF5002DD5A9 /* PomodoroFocusApp.swift */ = {isa = PBXFileReference; lastKnownFileType = sourcecode.swift; path = PomodoroFocusApp.swift; sourceTree = "<group>"; };
		07E407352B8CBEF5002DD5A9 /* ContentView.swift */ = {isa = PBXFileReference; lastKnownFileType = sourcecode.swift; path = ContentView.swift; sourceTree = "<group>"; };
		07E407372B8CBEF7002DD5A9 /* Assets.xcassets */ = {isa = PBXFileReference; lastKnownFileType = folder.assetcatalog; path = Assets.xcassets; sourceTree = "<group>"; };
		07E4073A2B8CBEF7002DD5A9 /* Preview Assets.xcassets */ = {isa = PBXFileReference; lastKnownFileType = folder.assetcatalog; path = "Preview Assets.xcassets"; sourceTree = "<group>"; };
		07E407432B8CBF38002DD5A9 /* WorkTimerView.swift */ = {isa = PBXFileReference; lastKnownFileType = sourcecode.swift; path = WorkTimerView.swift; sourceTree = "<group>"; };
		07E407452B8CBFC3002DD5A9 /* ViewModel.swift */ = {isa = PBXFileReference; lastKnownFileType = sourcecode.swift; path = ViewModel.swift; sourceTree = "<group>"; };
		07E407852B90B0E0002DD5A9 /* ShortTimerView.swift */ = {isa = PBXFileReference; lastKnownFileType = sourcecode.swift; path = ShortTimerView.swift; sourceTree = "<group>"; };
		07E407872B90B26C002DD5A9 /* LongBreakView.swift */ = {isa = PBXFileReference; lastKnownFileType = sourcecode.swift; path = LongBreakView.swift; sourceTree = "<group>"; };
/* End PBXFileReference section */

/* Begin PBXFrameworksBuildPhase section */
		07E4072D2B8CBEF5002DD5A9 /* Frameworks */ = {
			isa = PBXFrameworksBuildPhase;
			buildActionMask = 2147483647;
			files = (
			);
			runOnlyForDeploymentPostprocessing = 0;
		};
/* End PBXFrameworksBuildPhase section */

/* Begin PBXGroup section */
		07E407272B8CBEF5002DD5A9 = {
			isa = PBXGroup;
			children = (
				07E407322B8CBEF5002DD5A9 /* PomodoroFocus */,
				07E407312B8CBEF5002DD5A9 /* Products */,
			);
			sourceTree = "<group>";
		};
		07E407312B8CBEF5002DD5A9 /* Products */ = {
			isa = PBXGroup;
			children = (
				07E407302B8CBEF5002DD5A9 /* PomodoroFocus.app */,
			);
			name = Products;
			sourceTree = "<group>";
		};
		07E407322B8CBEF5002DD5A9 /* PomodoroFocus */ = {
			isa = PBXGroup;
			children = (
				07E407332B8CBEF5002DD5A9 /* PomodoroFocusApp.swift */,
				07E407412B8CBF15002DD5A9 /* View */,
				07E407422B8CBF18002DD5A9 /* Model */,
				07E407372B8CBEF7002DD5A9 /* Assets.xcassets */,
				07E407392B8CBEF7002DD5A9 /* Preview Content */,
			);
			path = PomodoroFocus;
			sourceTree = "<group>";
		};
		07E407392B8CBEF7002DD5A9 /* Preview Content */ = {
			isa = PBXGroup;
			children = (
				07E4073A2B8CBEF7002DD5A9 /* Preview Assets.xcassets */,
			);
			path = "Preview Content";
			sourceTree = "<group>";
		};
		07E407412B8CBF15002DD5A9 /* View */ = {
			isa = PBXGroup;
			children = (
				07E407352B8CBEF5002DD5A9 /* ContentView.swift */,
				07E407432B8CBF38002DD5A9 /* WorkTimerView.swift */,
				07E407852B90B0E0002DD5A9 /* ShortTimerView.swift */,
				07E407872B90B26C002DD5A9 /* LongBreakView.swift */,
			);
			path = View;
			sourceTree = "<group>";
		};
		07E407422B8CBF18002DD5A9 /* Model */ = {
			isa = PBXGroup;
			children = (
				07E407452B8CBFC3002DD5A9 /* ViewModel.swift */,
			);
			path = Model;
			sourceTree = "<group>";
		};
/* End PBXGroup section */

/* Begin PBXNativeTarget section */
		07E4072F2B8CBEF5002DD5A9 /* PomodoroFocus */ = {
			isa = PBXNativeTarget;
			buildConfigurationList = 07E4073E2B8CBEF7002DD5A9 /* Build configuration list for PBXNativeTarget "PomodoroFocus" */;
			buildPhases = (
				07E4072C2B8CBEF5002DD5A9 /* Sources */,
				07E4072D2B8CBEF5002DD5A9 /* Frameworks */,
				07E4072E2B8CBEF5002DD5A9 /* Resources */,
			);
			buildRules = (
			);
			dependencies = (
			);
			name = PomodoroFocus;
			productName = PomodoroFocus;
			productReference = 07E407302B8CBEF5002DD5A9 /* PomodoroFocus.app */;
			productType = "com.apple.product-type.application";
		};
/* End PBXNativeTarget section */

/* Begin PBXProject section */
		07E407282B8CBEF5002DD5A9 /* Project object */ = {
			isa = PBXProject;
			attributes = {
				BuildIndependentTargetsInParallel = 1;
				LastSwiftUpdateCheck = 1520;
				LastUpgradeCheck = 1520;
				TargetAttributes = {
					07E4072F2B8CBEF5002DD5A9 = {
						CreatedOnToolsVersion = 15.2;
					};
				};
			};
			buildConfigurationList = 07E4072B2B8CBEF5002DD5A9 /* Build configuration list for PBXProject "PomodoroFocus" */;
			compatibilityVersion = "Xcode 14.0";
			developmentRegion = en;
			hasScannedForEncodings = 0;
			knownRegions = (
				en,
				Base,
			);
			mainGroup = 07E407272B8CBEF5002DD5A9;
			productRefGroup = 07E407312B8CBEF5002DD5A9 /* Products */;
			projectDirPath = "";
			projectRoot = "";
			targets = (
				07E4072F2B8CBEF5002DD5A9 /* PomodoroFocus */,
			);
		};
/* End PBXProject section */

/* Begin PBXResourcesBuildPhase section */
		07E4072E2B8CBEF5002DD5A9 /* Resources */ = {
			isa = PBXResourcesBuildPhase;
			buildActionMask = 2147483647;
			files = (
				07E4073B2B8CBEF7002DD5A9 /* Preview Assets.xcassets in Resources */,
				07E407382B8CBEF7002DD5A9 /* Assets.xcassets in Resources */,
			);
			runOnlyForDeploymentPostprocessing = 0;
		};
/* End PBXResourcesBuildPhase section */

/* Begin PBXSourcesBuildPhase section */
		07E4072C2B8CBEF5002DD5A9 /* Sources */ = {
			isa = PBXSourcesBuildPhase;
			buildActionMask = 2147483647;
			files = (
				07E407362B8CBEF5002DD5A9 /* ContentView.swift in Sources */,
				07E407862B90B0E0002DD5A9 /* ShortTimerView.swift in Sources */,
				07E407882B90B26C002DD5A9 /* LongBreakView.swift in Sources */,
				07E407442B8CBF38002DD5A9 /* WorkTimerView.swift in Sources */,
				07E407462B8CBFC3002DD5A9 /* ViewModel.swift in Sources */,
				07E407342B8CBEF5002DD5A9 /* PomodoroFocusApp.swift in Sources */,
			);
			runOnlyForDeploymentPostprocessing = 0;
		};
/* End PBXSourcesBuildPhase section */

/* Begin XCBuildConfiguration section */
		07E4073C2B8CBEF7002DD5A9 /* Debug */ = {
			isa = XCBuildConfiguration;
			buildSettings = {
				ALWAYS_SEARCH_USER_PATHS = NO;
				ASSETCATALOG_COMPILER_GENERATE_SWIFT_ASSET_SYMBOL_EXTENSIONS = YES;
				CLANG_ANALYZER_NONNULL = YES;
				CLANG_ANALYZER_NUMBER_OBJECT_CONVERSION = YES_AGGRESSIVE;
				CLANG_CXX_LANGUAGE_STANDARD = "gnu++20";
				CLANG_ENABLE_MODULES = YES;
				CLANG_ENABLE_OBJC_ARC = YES;
				CLANG_ENABLE_OBJC_WEAK = YES;
				CLANG_WARN_BLOCK_CAPTURE_AUTORELEASING = YES;
				CLANG_WARN_BOOL_CONVERSION = YES;
				CLANG_WARN_COMMA = YES;
				CLANG_WARN_CONSTANT_CONVERSION = YES;
				CLANG_WARN_DEPRECATED_OBJC_IMPLEMENTATIONS = YES;
				CLANG_WARN_DIRECT_OBJC_ISA_USAGE = YES_ERROR;
				CLANG_WARN_DOCUMENTATION_COMMENTS = YES;
				CLANG_WARN_EMPTY_BODY = YES;
				CLANG_WARN_ENUM_CONVERSION = YES;
				CLANG_WARN_INFINITE_RECURSION = YES;
				CLANG_WARN_INT_CONVERSION = YES;
				CLANG_WARN_NON_LITERAL_NULL_CONVERSION = YES;
				CLANG_WARN_OBJC_IMPLICIT_RETAIN_SELF = YES;
				CLANG_WARN_OBJC_LITERAL_CONVERSION = YES;
				CLANG_WARN_OBJC_ROOT_CLASS = YES_ERROR;
				CLANG_WARN_QUOTED_INCLUDE_IN_FRAMEWORK_HEADER = YES;
				CLANG_WARN_RANGE_LOOP_ANALYSIS = YES;
				CLANG_WARN_STRICT_PROTOTYPES = YES;
				CLANG_WARN_SUSPICIOUS_MOVE = YES;
				CLANG_WARN_UNGUARDED_AVAILABILITY = YES_AGGRESSIVE;
				CLANG_WARN_UNREACHABLE_CODE = YES;
				CLANG_WARN__DUPLICATE_METHOD_MATCH = YES;
				COPY_PHASE_STRIP = NO;
				DEBUG_INFORMATION_FORMAT = dwarf;
				ENABLE_STRICT_OBJC_MSGSEND = YES;
				ENABLE_TESTABILITY = YES;
				ENABLE_USER_SCRIPT_SANDBOXING = YES;
				GCC_C_LANGUAGE_STANDARD = gnu17;
				GCC_DYNAMIC_NO_PIC = NO;
				GCC_NO_COMMON_BLOCKS = YES;
				GCC_OPTIMIZATION_LEVEL = 0;
				GCC_PREPROCESSOR_DEFINITIONS = (
					"DEBUG=1",
					"$(inherited)",
				);
				GCC_WARN_64_TO_32_BIT_CONVERSION = YES;
				GCC_WARN_ABOUT_RETURN_TYPE = YES_ERROR;
				GCC_WARN_UNDECLARED_SELECTOR = YES;
				GCC_WARN_UNINITIALIZED_AUTOS = YES_AGGRESSIVE;
				GCC_WARN_UNUSED_FUNCTION = YES;
				GCC_WARN_UNUSED_VARIABLE = YES;
				IPHONEOS_DEPLOYMENT_TARGET = 17.2;
				LOCALIZATION_PREFERS_STRING_CATALOGS = YES;
				MTL_ENABLE_DEBUG_INFO = INCLUDE_SOURCE;
				MTL_FAST_MATH = YES;
				ONLY_ACTIVE_ARCH = YES;
				SDKROOT = iphoneos;
				SWIFT_ACTIVE_COMPILATION_CONDITIONS = "DEBUG $(inherited)";
				SWIFT_OPTIMIZATION_LEVEL = "-Onone";
			};
			name = Debug;
		};
		07E4073D2B8CBEF7002DD5A9 /* Release */ = {
			isa = XCBuildConfiguration;
			buildSettings = {
				ALWAYS_SEARCH_USER_PATHS = NO;
				ASSETCATALOG_COMPILER_GENERATE_SWIFT_ASSET_SYMBOL_EXTENSIONS = YES;
				CLANG_ANALYZER_NONNULL = YES;
				CLANG_ANALYZER_NUMBER_OBJECT_CONVERSION = YES_AGGRESSIVE;
				CLANG_CXX_LANGUAGE_STANDARD = "gnu++20";
				CLANG_ENABLE_MODULES = YES;
				CLANG_ENABLE_OBJC_ARC = YES;
				CLANG_ENABLE_OBJC_WEAK = YES;
				CLANG_WARN_BLOCK_CAPTURE_AUTORELEASING = YES;
				CLANG_WARN_BOOL_CONVERSION = YES;
				CLANG_WARN_COMMA = YES;
				CLANG_WARN_CONSTANT_CONVERSION = YES;
				CLANG_WARN_DEPRECATED_OBJC_IMPLEMENTATIONS = YES;
				CLANG_WARN_DIRECT_OBJC_ISA_USAGE = YES_ERROR;
				CLANG_WARN_DOCUMENTATION_COMMENTS = YES;
				CLANG_WARN_EMPTY_BODY = YES;
				CLANG_WARN_ENUM_CONVERSION = YES;
				CLANG_WARN_INFINITE_RECURSION = YES;
				CLANG_WARN_INT_CONVERSION = YES;
				CLANG_WARN_NON_LITERAL_NULL_CONVERSION = YES;
				CLANG_WARN_OBJC_IMPLICIT_RETAIN_SELF = YES;
				CLANG_WARN_OBJC_LITERAL_CONVERSION = YES;
				CLANG_WARN_OBJC_ROOT_CLASS = YES_ERROR;
				CLANG_WARN_QUOTED_INCLUDE_IN_FRAMEWORK_HEADER = YES;
				CLANG_WARN_RANGE_LOOP_ANALYSIS = YES;
				CLANG_WARN_STRICT_PROTOTYPES = YES;
				CLANG_WARN_SUSPICIOUS_MOVE = YES;
				CLANG_WARN_UNGUARDED_AVAILABILITY = YES_AGGRESSIVE;
				CLANG_WARN_UNREACHABLE_CODE = YES;
				CLANG_WARN__DUPLICATE_METHOD_MATCH = YES;
				COPY_PHASE_STRIP = NO;
				DEBUG_INFORMATION_FORMAT = "dwarf-with-dsym";
				ENABLE_NS_ASSERTIONS = NO;
				ENABLE_STRICT_OBJC_MSGSEND = YES;
				ENABLE_USER_SCRIPT_SANDBOXING = YES;
				GCC_C_LANGUAGE_STANDARD = gnu17;
				GCC_NO_COMMON_BLOCKS = YES;
				GCC_WARN_64_TO_32_BIT_CONVERSION = YES;
				GCC_WARN_ABOUT_RETURN_TYPE = YES_ERROR;
				GCC_WARN_UNDECLARED_SELECTOR = YES;
				GCC_WARN_UNINITIALIZED_AUTOS = YES_AGGRESSIVE;
				GCC_WARN_UNUSED_FUNCTION = YES;
				GCC_WARN_UNUSED_VARIABLE = YES;
				IPHONEOS_DEPLOYMENT_TARGET = 17.2;
				LOCALIZATION_PREFERS_STRING_CATALOGS = YES;
				MTL_ENABLE_DEBUG_INFO = NO;
				MTL_FAST_MATH = YES;
				SDKROOT = iphoneos;
				SWIFT_COMPILATION_MODE = wholemodule;
				VALIDATE_PRODUCT = YES;
			};
			name = Release;
		};
		07E4073F2B8CBEF7002DD5A9 /* Debug */ = {
			isa = XCBuildConfiguration;
			buildSettings = {
				ASSETCATALOG_COMPILER_APPICON_NAME = AppIcon;
				ASSETCATALOG_COMPILER_GLOBAL_ACCENT_COLOR_NAME = AccentColor;
				CODE_SIGN_STYLE = Automatic;
				CURRENT_PROJECT_VERSION = 1;
				DEVELOPMENT_ASSET_PATHS = "\"PomodoroFocus/Preview Content\"";
				DEVELOPMENT_TEAM = H7MDDDPC4H;
				ENABLE_PREVIEWS = YES;
				GENERATE_INFOPLIST_FILE = YES;
				INFOPLIST_KEY_UIApplicationSceneManifest_Generation = YES;
				INFOPLIST_KEY_UIApplicationSupportsIndirectInputEvents = YES;
				INFOPLIST_KEY_UILaunchScreen_Generation = YES;
				INFOPLIST_KEY_UISupportedInterfaceOrientations_iPad = "UIInterfaceOrientationPortrait UIInterfaceOrientationPortraitUpsideDown UIInterfaceOrientationLandscapeLeft UIInterfaceOrientationLandscapeRight";
				INFOPLIST_KEY_UISupportedInterfaceOrientations_iPhone = "UIInterfaceOrientationPortrait UIInterfaceOrientationLandscapeLeft UIInterfaceOrientationLandscapeRight";
				LD_RUNPATH_SEARCH_PATHS = (
					"$(inherited)",
					"@executable_path/Frameworks",
				);
				MARKETING_VERSION = 1.0;
				PRODUCT_BUNDLE_IDENTIFIER = com.eric.PomodoroFocus;
				PRODUCT_NAME = "$(TARGET_NAME)";
				SWIFT_EMIT_LOC_STRINGS = YES;
				SWIFT_VERSION = 5.0;
				TARGETED_DEVICE_FAMILY = "1,2";
			};
			name = Debug;
		};
		07E407402B8CBEF7002DD5A9 /* Release */ = {
			isa = XCBuildConfiguration;
			buildSettings = {
				ASSETCATALOG_COMPILER_APPICON_NAME = AppIcon;
				ASSETCATALOG_COMPILER_GLOBAL_ACCENT_COLOR_NAME = AccentColor;
				CODE_SIGN_STYLE = Automatic;
				CURRENT_PROJECT_VERSION = 1;
				DEVELOPMENT_ASSET_PATHS = "\"PomodoroFocus/Preview Content\"";
				DEVELOPMENT_TEAM = H7MDDDPC4H;
				ENABLE_PREVIEWS = YES;
				GENERATE_INFOPLIST_FILE = YES;
				INFOPLIST_KEY_UIApplicationSceneManifest_Generation = YES;
				INFOPLIST_KEY_UIApplicationSupportsIndirectInputEvents = YES;
				INFOPLIST_KEY_UILaunchScreen_Generation = YES;
				INFOPLIST_KEY_UISupportedInterfaceOrientations_iPad = "UIInterfaceOrientationPortrait UIInterfaceOrientationPortraitUpsideDown UIInterfaceOrientationLandscapeLeft UIInterfaceOrientationLandscapeRight";
				INFOPLIST_KEY_UISupportedInterfaceOrientations_iPhone = "UIInterfaceOrientationPortrait UIInterfaceOrientationLandscapeLeft UIInterfaceOrientationLandscapeRight";
				LD_RUNPATH_SEARCH_PATHS = (
					"$(inherited)",
					"@executable_path/Frameworks",
				);
				MARKETING_VERSION = 1.0;
				PRODUCT_BUNDLE_IDENTIFIER = com.eric.PomodoroFocus;
				PRODUCT_NAME = "$(TARGET_NAME)";
				SWIFT_EMIT_LOC_STRINGS = YES;
				SWIFT_VERSION = 5.0;
				TARGETED_DEVICE_FAMILY = "1,2";
			};
			name = Release;
		};
/* End XCBuildConfiguration section */

/* Begin XCConfigurationList section */
		07E4072B2B8CBEF5002DD5A9 /* Build configuration list for PBXProject "PomodoroFocus" */ = {
			isa = XCConfigurationList;
			buildConfigurations = (
				07E4073C2B8CBEF7002DD5A9 /* Debug */,
				07E4073D2B8CBEF7002DD5A9 /* Release */,
			);
			defaultConfigurationIsVisible = 0;
			defaultConfigurationName = Release;
		};
		07E4073E2B8CBEF7002DD5A9 /* Build configuration list for PBXNativeTarget "PomodoroFocus" */ = {
			isa = XCConfigurationList;
			buildConfigurations = (
				07E4073F2B8CBEF7002DD5A9 /* Debug */,
				07E407402B8CBEF7002DD5A9 /* Release */,
			);
			defaultConfigurationIsVisible = 0;
			defaultConfigurationName = Release;
		};
/* End XCConfigurationList section */
	};
	rootObject = 07E407282B8CBEF5002DD5A9 /* Project object */;
}
